
Microsoft Visual Studio Solution File, Format Version 12.00
# Visual Studio Version 16
VisualStudioVersion = 16.0.29009.5
MinimumVisualStudioVersion = 10.0.40219.1
Project("{FAE04EC0-301F-11D3-BF4B-00C04F79EFBC}") = "03_Project03_Loops App", "03_Project03_Loops App\03_Project03_Loops App.csproj", "{C8E00E6B-C8BD-473B-9640-B14B01296670}"
EndProject
Global
	GlobalSection(SolutionConfigurationPlatforms) = preSolution
		Debug|Any CPU = Debug|Any CPU
		Release|Any CPU = Release|Any CPU
	EndGlobalSection
	GlobalSection(ProjectConfigurationPlatforms) = postSolution
		{C8E00E6B-C8BD-473B-9640-B14B01296670}.Debug|Any CPU.ActiveCfg = Debug|Any CPU
		{C8E00E6B-C8BD-473B-9640-B14B01296670}.Debug|Any CPU.Build.0 = Debug|Any CPU
		{C8E00E6B-C8BD-473B-9640-B14B01296670}.Release|Any CPU.ActiveCfg = Release|Any CPU
		{C8E00E6B-C8BD-473B-9640-B14B01296670}.Release|Any CPU.Build.0 = Release|Any CPU
	EndGlobalSection
	GlobalSection(SolutionProperties) = preSolution
		HideSolutionNode = FALSE
	EndGlobalSection
	GlobalSection(ExtensibilityGlobals) = postSolution
		SolutionGuid = {FAE9B4E3-DB67-46FA-8CFD-006EC9856C75}
	EndGlobalSection
EndGlobal
